<?xml version="1.0" encoding="UTF-8" standalone="yes" ?>
<CodeBlocks_project_file>
	<FileVersion major="1" minor="6" />
	<Project>
		<Option title="tdsimulator" />
		<Option pch_mode="2" />
		<Option compiler="gcc" />
		<Build>
			<Target title="TinyScreenRaycaster (Debug)">
				<Option output="tdsimulator" prefix_auto="1" extension_auto="1" />
				<Option type="1" />
				<Option compiler="gcc" />
				<Option use_console_runner="0" />
			</Target>
			<Target title="Test - 8bit (Debug)">
				<Option output="bin/Debug/tdsimulator" prefix_auto="1" extension_auto="1" />
				<Option object_output="obj/Debug/" />
				<Option type="1" />
				<Option compiler="gcc" />
				<Option use_console_runner="0" />
				<Compiler>
					<Add option="-g" />
				</Compiler>
			</Target>
			<Target title="Test - 16bit (Debug)">
				<Option output="bin/Debug/tdsimulator" prefix_auto="1" extension_auto="1" />
				<Option object_output="obj/Debug/" />
				<Option type="1" />
				<Option compiler="gcc" />
				<Option use_console_runner="0" />
				<Compiler>
					<Add option="-g" />
					<Add option="-DSCREEN_16BITS" />
				</Compiler>
			</Target>
			<Target title="Test Text (Debug)">
				<Option output="tdsimulator" prefix_auto="1" extension_auto="1" />
				<Option type="1" />
				<Option compiler="gcc" />
				<Option use_console_runner="0" />
			</Target>
			<Target title="Test Textures - 8bit (Debug)">
				<Option output="tdsimulator" prefix_auto="1" extension_auto="1" />
				<Option type="1" />
				<Option compiler="gcc" />
				<Option use_console_runner="0" />
			</Target>
			<Target title="Test Textures - 16bit (Debug)">
				<Option output="tdsimulator" prefix_auto="1" extension_auto="1" />
				<Option type="1" />
				<Option compiler="gcc" />
				<Option use_console_runner="0" />
				<Compiler>
					<Add option="-DSCREEN_16BITS" />
				</Compiler>
			</Target>
			<Target title="Test Assetmanager (Debug)">
				<Option output="tdsimulator" prefix_auto="1" extension_auto="1" />
				<Option type="1" />
				<Option compiler="gcc" />
				<Option use_console_runner="0" />
				<Compiler>
					<Add option="-DSCREEN_16BITS" />
				</Compiler>
			</Target>
			<Target title="Duino says - 16bit (Debug)">
				<Option output="tdsimulator" prefix_auto="1" extension_auto="1" />
				<Option type="1" />
				<Option compiler="gcc" />
				<Option use_console_runner="0" />
				<Compiler>
					<Add option="-DSCREEN_16BITS" />
				</Compiler>
			</Target>
			<Target title="Tiny Tino - 16bit (Debug)">
				<Option output="tdsimulator" prefix_auto="1" extension_auto="1" />
				<Option type="1" />
				<Option compiler="gcc" />
				<Option use_console_runner="0" />
				<Compiler>
					<Add option="-DSCREEN_16BITS" />
					<Add option="-DDEBUG" />
				</Compiler>
			</Target>
			<Target title="Test">
				<Option output="tdsimulator" prefix_auto="1" extension_auto="1" />
				<Option type="1" />
				<Option compiler="gcc" />
				<Compiler>
					<Add option="-g" />
					<Add directory="../srclib" />
				</Compiler>
			</Target>
		</Build>
		<Compiler>
			<Add option="-Wall" />
			<Add directory="GLFW-3/include" />
			<Add directory="include" />
			<Add directory="../arduino" />
		</Compiler>
		<Linker>
			<Add library="GLFW3" />
			<Add library="opengl32" />
			<Add library="gdi32" />
			<Add directory="bin/Release" />
		</Linker>
		<ExtraCommands>
			<Add before="..\arduino\sync_lib_files.bat" />
			<Mode after="always" />
		</ExtraCommands>
		<Unit filename="../arduino/duinosays/duinosays.ino">
			<Option target="Test - 8bit (Debug)" />
			<Option target="Test - 16bit (Debug)" />
			<Option target="Test Text (Debug)" />
			<Option target="TinyScreenRaycaster (Debug)" />
			<Option target="Test Textures - 8bit (Debug)" />
			<Option target="Test Textures - 16bit (Debug)" />
			<Option target="Duino says - 16bit (Debug)" />
			<Option target="Tiny Tino - 16bit (Debug)" />
		</Unit>
		<Unit filename="../arduino/test/test.ino">
			<Option target="Test - 8bit (Debug)" />
			<Option target="Test - 16bit (Debug)" />
			<Option target="Test Text (Debug)" />
			<Option target="TinyScreenRaycaster (Debug)" />
			<Option target="Test Textures - 8bit (Debug)" />
			<Option target="Test Textures - 16bit (Debug)" />
			<Option target="Duino says - 16bit (Debug)" />
			<Option target="Tiny Tino - 16bit (Debug)" />
		</Unit>
		<Unit filename="../arduino/test_assetmgr/asset_tilemap.cpp">
			<Option target="Test Assetmanager (Debug)" />
		</Unit>
		<Unit filename="../arduino/test_assetmgr/asset_tilemap.h">
			<Option target="Test Assetmanager (Debug)" />
		</Unit>
		<Unit filename="../arduino/test_assetmgr/image_data.cpp">
			<Option target="Test Assetmanager (Debug)" />
		</Unit>
		<Unit filename="../arduino/test_assetmgr/image_data.h">
			<Option target="Test Assetmanager (Debug)" />
		</Unit>
		<Unit filename="../arduino/test_assetmgr/test_assetmgr.ino" />
		<Unit filename="../arduino/test_text/test_text.ino">
			<Option target="Test - 8bit (Debug)" />
			<Option target="Test - 16bit (Debug)" />
			<Option target="Test Text (Debug)" />
			<Option target="TinyScreenRaycaster (Debug)" />
			<Option target="Test Textures - 8bit (Debug)" />
			<Option target="Test Textures - 16bit (Debug)" />
			<Option target="Duino says - 16bit (Debug)" />
			<Option target="Tiny Tino - 16bit (Debug)" />
		</Unit>
		<Unit filename="../arduino/test_textures/test_textures.ino">
			<Option target="Test Textures - 8bit (Debug)" />
			<Option target="Test Textures - 16bit (Debug)" />
			<Option target="Duino says - 16bit (Debug)" />
			<Option target="Tiny Tino - 16bit (Debug)" />
		</Unit>
		<Unit filename="../arduino/test_textures/texture_data.cpp">
			<Option target="Test Textures - 8bit (Debug)" />
			<Option target="Test Textures - 16bit (Debug)" />
		</Unit>
		<Unit filename="../arduino/test_textures/texture_data.h">
			<Option target="Test Textures - 8bit (Debug)" />
			<Option target="Test Textures - 16bit (Debug)" />
		</Unit>
		<Unit filename="../arduino/tinytino/LevelMapScreen.cpp">
			<Option target="Tiny Tino - 16bit (Debug)" />
		</Unit>
		<Unit filename="../arduino/tinytino/LevelMapScreen.h">
			<Option target="Tiny Tino - 16bit (Debug)" />
		</Unit>
		<Unit filename="../arduino/tinytino/data_level.cpp">
			<Option target="Tiny Tino - 16bit (Debug)" />
		</Unit>
		<Unit filename="../arduino/tinytino/game.cpp">
			<Option target="Tiny Tino - 16bit (Debug)" />
		</Unit>
		<Unit filename="../arduino/tinytino/game.h">
			<Option target="Tiny Tino - 16bit (Debug)" />
		</Unit>
		<Unit filename="../arduino/tinytino/game_types.h">
			<Option target="Tiny Tino - 16bit (Debug)" />
		</Unit>
		<Unit filename="../arduino/tinytino/level_test2.cpp">
			<Option target="Tiny Tino - 16bit (Debug)" />
		</Unit>
		<Unit filename="../arduino/tinytino/level_test2.h">
			<Option target="Tiny Tino - 16bit (Debug)" />
		</Unit>
		<Unit filename="../arduino/tinytino/physics.cpp">
			<Option target="Tiny Tino - 16bit (Debug)" />
		</Unit>
		<Unit filename="../arduino/tinytino/physics.h">
			<Option target="Tiny Tino - 16bit (Debug)" />
		</Unit>
		<Unit filename="../arduino/tinytino/screen.h">
			<Option target="Tiny Tino - 16bit (Debug)" />
		</Unit>
		<Unit filename="../arduino/tinytino/sprites.cpp">
			<Option target="Tiny Tino - 16bit (Debug)" />
		</Unit>
		<Unit filename="../arduino/tinytino/sprites.h">
			<Option target="Tiny Tino - 16bit (Debug)" />
		</Unit>
		<Unit filename="../arduino/tinytino/texturemap.h">
			<Option target="Tiny Tino - 16bit (Debug)" />
		</Unit>
		<Unit filename="../arduino/tinytino/tilemap.h">
			<Option target="Tiny Tino - 16bit (Debug)" />
		</Unit>
		<Unit filename="../arduino/tinytino/tinytino.ino">
			<Option target="Test - 8bit (Debug)" />
			<Option target="Test - 16bit (Debug)" />
			<Option target="Test Text (Debug)" />
			<Option target="TinyScreenRaycaster (Debug)" />
			<Option target="Test Textures - 8bit (Debug)" />
			<Option target="Test Textures - 16bit (Debug)" />
			<Option target="Duino says - 16bit (Debug)" />
			<Option target="Tiny Tino - 16bit (Debug)" />
		</Unit>
		<Unit filename="../srclib/lib_FixedMath.cpp" />
		<Unit filename="../srclib/lib_FixedMath.h" />
		<Unit filename="../srclib/lib_RenderBuffer.cpp" />
		<Unit filename="../srclib/lib_RenderBuffer.h" />
		<Unit filename="../srclib/lib_StringBuffer.cpp" />
		<Unit filename="../srclib/lib_StringBuffer.h" />
		<Unit filename="../srclib/lib_font_virtualdj.h" />
		<Unit filename="../srclib/lib_image.h" />
		<Unit filename="../srclib/lib_input.cpp" />
		<Unit filename="../srclib/lib_input.h" />
		<Unit filename="../srclib/lib_math.cpp" />
		<Unit filename="../srclib/lib_math.h" />
		<Unit filename="../srclib/lib_tilemap.cpp" />
		<Unit filename="../srclib/lib_tilemap.h" />
		<Unit filename="../srclib/test_FixedMath.h">
			<Option target="Test" />
		</Unit>
		<Unit filename="../srclib/test_math.h">
			<Option target="Test" />
		</Unit>
		<Unit filename="arduino_wrappers/TinyScreenRaycaster/TinyScreenRaycaster.cpp">
			<Option target="TinyScreenRaycaster (Debug)" />
		</Unit>
		<Unit filename="arduino_wrappers/duinosays/duinosays.cpp">
			<Option target="Duino says - 16bit (Debug)" />
		</Unit>
		<Unit filename="arduino_wrappers/test/test.cpp">
			<Option target="Test - 8bit (Debug)" />
			<Option target="Test - 16bit (Debug)" />
		</Unit>
		<Unit filename="arduino_wrappers/test_assetmgr/test_assetmgr.cpp">
			<Option target="Test Assetmanager (Debug)" />
		</Unit>
		<Unit filename="arduino_wrappers/test_text/test_text.cpp">
			<Option target="Test Text (Debug)" />
		</Unit>
		<Unit filename="arduino_wrappers/test_textures/test_textures.cpp">
			<Option target="Test Textures - 8bit (Debug)" />
			<Option target="Test Textures - 16bit (Debug)" />
		</Unit>
		<Unit filename="arduino_wrappers/tinytino/tinytino.cpp">
			<Option target="Tiny Tino - 16bit (Debug)" />
		</Unit>
		<Unit filename="include/SPI.h">
			<Option target="Test - 8bit (Debug)" />
			<Option target="Test - 16bit (Debug)" />
			<Option target="Test Text (Debug)" />
			<Option target="TinyScreenRaycaster (Debug)" />
			<Option target="Test Textures - 8bit (Debug)" />
			<Option target="Test Textures - 16bit (Debug)" />
			<Option target="Duino says - 16bit (Debug)" />
			<Option target="Tiny Tino - 16bit (Debug)" />
			<Option target="Test Assetmanager (Debug)" />
		</Unit>
		<Unit filename="include/TinyScreen.h">
			<Option target="Test - 8bit (Debug)" />
			<Option target="Test - 16bit (Debug)" />
			<Option target="Test Text (Debug)" />
			<Option target="TinyScreenRaycaster (Debug)" />
			<Option target="Test Textures - 8bit (Debug)" />
			<Option target="Test Textures - 16bit (Debug)" />
			<Option target="Duino says - 16bit (Debug)" />
			<Option target="Tiny Tino - 16bit (Debug)" />
			<Option target="Test Assetmanager (Debug)" />
		</Unit>
		<Unit filename="include/Wire.h">
			<Option target="Test - 8bit (Debug)" />
			<Option target="Test - 16bit (Debug)" />
			<Option target="Test Text (Debug)" />
			<Option target="TinyScreenRaycaster (Debug)" />
			<Option target="Test Textures - 8bit (Debug)" />
			<Option target="Test Textures - 16bit (Debug)" />
			<Option target="Duino says - 16bit (Debug)" />
			<Option target="Tiny Tino - 16bit (Debug)" />
			<Option target="Test Assetmanager (Debug)" />
		</Unit>
		<Unit filename="src/Main.cpp">
			<Option target="Test - 8bit (Debug)" />
			<Option target="Test - 16bit (Debug)" />
			<Option target="Test Text (Debug)" />
			<Option target="TinyScreenRaycaster (Debug)" />
			<Option target="Test Textures - 8bit (Debug)" />
			<Option target="Test Textures - 16bit (Debug)" />
			<Option target="Duino says - 16bit (Debug)" />
			<Option target="Tiny Tino - 16bit (Debug)" />
			<Option target="Test Assetmanager (Debug)" />
		</Unit>
		<Unit filename="src/Test.cpp">
			<Option target="Test" />
		</Unit>
		<Extensions>
			<code_completion />
			<envvars />
			<debugger />
		</Extensions>
	</Project>
</CodeBlocks_project_file>
